// !$*UTF8*$!
{
	archiveVersion = 1;
	classes = {
	};
	objectVersion = 50;
	objects = {

/* Begin PBXBuildFile section */
		391A3EB924C8CF5400C94EEC /* Screen Shot 2020-07-22 at 12.47.22 PM.png in Resources */ = {isa = PBXBuildFile; fileRef = 391A3EB824C8CF5400C94EEC /* Screen Shot 2020-07-22 at 12.47.22 PM.png */; };
		3951E53E24C7536300B36398 /* AppDelegate.swift in Sources */ = {isa = PBXBuildFile; fileRef = 3951E53D24C7536300B36398 /* AppDelegate.swift */; };
		3951E54024C7536300B36398 /* SceneDelegate.swift in Sources */ = {isa = PBXBuildFile; fileRef = 3951E53F24C7536300B36398 /* SceneDelegate.swift */; };
		3951E54224C7536300B36398 /* ContentView.swift in Sources */ = {isa = PBXBuildFile; fileRef = 3951E54124C7536300B36398 /* ContentView.swift */; };
		3951E54424C7536B00B36398 /* Assets.xcassets in Resources */ = {isa = PBXBuildFile; fileRef = 3951E54324C7536B00B36398 /* Assets.xcassets */; };
		3951E54724C7536B00B36398 /* Preview Assets.xcassets in Resources */ = {isa = PBXBuildFile; fileRef = 3951E54624C7536B00B36398 /* Preview Assets.xcassets */; };
		3951E54A24C7536B00B36398 /* LaunchScreen.storyboard in Resources */ = {isa = PBXBuildFile; fileRef = 3951E54824C7536B00B36398 /* LaunchScreen.storyboard */; };
		39FA4E6E24D211B900077F2B /* Todo.swift in Sources */ = {isa = PBXBuildFile; fileRef = 39FA4E6D24D211B900077F2B /* Todo.swift */; };
		39FA4E7024D211CE00077F2B /* FetchToDo.swift in Sources */ = {isa = PBXBuildFile; fileRef = 39FA4E6F24D211CE00077F2B /* FetchToDo.swift */; };
/* End PBXBuildFile section */

/* Begin PBXFileReference section */
		391A3EB824C8CF5400C94EEC /* Screen Shot 2020-07-22 at 12.47.22 PM.png */ = {isa = PBXFileReference; lastKnownFileType = image.png; path = "Screen Shot 2020-07-22 at 12.47.22 PM.png"; sourceTree = "<group>"; };
		3951E53A24C7536300B36398 /* SwiftUI Login API.app */ = {isa = PBXFileReference; explicitFileType = wrapper.application; includeInIndex = 0; path = "SwiftUI Login API.app"; sourceTree = BUILT_PRODUCTS_DIR; };
		3951E53D24C7536300B36398 /* AppDelegate.swift */ = {isa = PBXFileReference; lastKnownFileType = sourcecode.swift; path = AppDelegate.swift; sourceTree = "<group>"; };
		3951E53F24C7536300B36398 /* SceneDelegate.swift */ = {isa = PBXFileReference; lastKnownFileType = sourcecode.swift; path = SceneDelegate.swift; sourceTree = "<group>"; };
		3951E54124C7536300B36398 /* ContentView.swift */ = {isa = PBXFileReference; lastKnownFileType = sourcecode.swift; path = ContentView.swift; sourceTree = "<group>"; };
		3951E54324C7536B00B36398 /* Assets.xcassets */ = {isa = PBXFileReference; lastKnownFileType = folder.assetcatalog; path = Assets.xcassets; sourceTree = "<group>"; };
		3951E54624C7536B00B36398 /* Preview Assets.xcassets */ = {isa = PBXFileReference; lastKnownFileType = folder.assetcatalog; path = "Preview Assets.xcassets"; sourceTree = "<group>"; };
		3951E54924C7536B00B36398 /* Base */ = {isa = PBXFileReference; lastKnownFileType = file.storyboard; name = Base; path = Base.lproj/LaunchScreen.storyboard; sourceTree = "<group>"; };
		3951E54B24C7536B00B36398 /* Info.plist */ = {isa = PBXFileReference; lastKnownFileType = text.plist.xml; path = Info.plist; sourceTree = "<group>"; };
		39FA4E6D24D211B900077F2B /* Todo.swift */ = {isa = PBXFileReference; lastKnownFileType = sourcecode.swift; path = Todo.swift; sourceTree = "<group>"; };
		39FA4E6F24D211CE00077F2B /* FetchToDo.swift */ = {isa = PBXFileReference; lastKnownFileType = sourcecode.swift; path = FetchToDo.swift; sourceTree = "<group>"; };
/* End PBXFileReference section */

/* Begin PBXFrameworksBuildPhase section */
		3951E53724C7536300B36398 /* Frameworks */ = {
			isa = PBXFrameworksBuildPhase;
			buildActionMask = 2147483647;
			files = (
			);
			runOnlyForDeploymentPostprocessing = 0;
		};
/* End PBXFrameworksBuildPhase section */

/* Begin PBXGroup section */
		3951E53124C7536300B36398 = {
			isa = PBXGroup;
			children = (
				3951E53C24C7536300B36398 /* SwiftUI Login API */,
				3951E53B24C7536300B36398 /* Products */,
			);
			sourceTree = "<group>";
		};
		3951E53B24C7536300B36398 /* Products */ = {
			isa = PBXGroup;
			children = (
				3951E53A24C7536300B36398 /* SwiftUI Login API.app */,
			);
			name = Products;
			sourceTree = "<group>";
		};
		3951E53C24C7536300B36398 /* SwiftUI Login API */ = {
			isa = PBXGroup;
			children = (
				3951E53D24C7536300B36398 /* AppDelegate.swift */,
				3951E53F24C7536300B36398 /* SceneDelegate.swift */,
				3951E54124C7536300B36398 /* ContentView.swift */,
				39FA4E6F24D211CE00077F2B /* FetchToDo.swift */,
				39FA4E6D24D211B900077F2B /* Todo.swift */,
				3951E54324C7536B00B36398 /* Assets.xcassets */,
				391A3EB824C8CF5400C94EEC /* Screen Shot 2020-07-22 at 12.47.22 PM.png */,
				3951E54824C7536B00B36398 /* LaunchScreen.storyboard */,
				3951E54B24C7536B00B36398 /* Info.plist */,
				3951E54524C7536B00B36398 /* Preview Content */,
			);
			path = "SwiftUI Login API";
			sourceTree = "<group>";
		};
		3951E54524C7536B00B36398 /* Preview Content */ = {
			isa = PBXGroup;
			children = (
				3951E54624C7536B00B36398 /* Preview Assets.xcassets */,
			);
			path = "Preview Content";
			sourceTree = "<group>";
		};
/* End PBXGroup section */

/* Begin PBXNativeTarget section */
		3951E53924C7536300B36398 /* SwiftUI Login API */ = {
			isa = PBXNativeTarget;
			buildConfigurationList = 3951E54E24C7536B00B36398 /* Build configuration list for PBXNativeTarget "SwiftUI Login API" */;
			buildPhases = (
				3951E53624C7536300B36398 /* Sources */,
				3951E53724C7536300B36398 /* Frameworks */,
				3951E53824C7536300B36398 /* Resources */,
			);
			buildRules = (
			);
			dependencies = (
			);
			name = "SwiftUI Login API";
			productName = "SwiftUI Login API";
			productReference = 3951E53A24C7536300B36398 /* SwiftUI Login API.app */;
			productType = "com.apple.product-type.application";
		};
/* End PBXNativeTarget section */

/* Begin PBXProject section */
		3951E53224C7536300B36398 /* Project object */ = {
			isa = PBXProject;
			attributes = {
				LastSwiftUpdateCheck = 1150;
				LastUpgradeCheck = 1150;
				ORGANIZATIONNAME = krish;
				TargetAttributes = {
					3951E53924C7536300B36398 = {
						CreatedOnToolsVersion = 11.5;
					};
				};
			};
			buildConfigurationList = 3951E53524C7536300B36398 /* Build configuration list for PBXProject "SwiftUI Login API" */;
			compatibilityVersion = "Xcode 9.3";
			developmentRegion = en;
			hasScannedForEncodings = 0;
			knownRegions = (
				en,
				Base,
			);
			mainGroup = 3951E53124C7536300B36398;
			productRefGroup = 3951E53B24C7536300B36398 /* Products */;
			projectDirPath = "";
			projectRoot = "";
			targets = (
				3951E53924C7536300B36398 /* SwiftUI Login API */,
			);
		};
/* End PBXProject section */

/* Begin PBXResourcesBuildPhase section */
		3951E53824C7536300B36398 /* Resources */ = {
			isa = PBXResourcesBuildPhase;
			buildActionMask = 2147483647;
			files = (
				3951E54A24C7536B00B36398 /* LaunchScreen.storyboard in Resources */,
				3951E54724C7536B00B36398 /* Preview Assets.xcassets in Resources */,
				3951E54424C7536B00B36398 /* Assets.xcassets in Resources */,
				391A3EB924C8CF5400C94EEC /* Screen Shot 2020-07-22 at 12.47.22 PM.png in Resources */,
			);
			runOnlyForDeploymentPostprocessing = 0;
		};
/* End PBXResourcesBuildPhase section */

/* Begin PBXSourcesBuildPhase section */
		3951E53624C7536300B36398 /* Sources */ = {
			isa = PBXSourcesBuildPhase;
			buildActionMask = 2147483647;
			files = (
				3951E53E24C7536300B36398 /* AppDelegate.swift in Sources */,
				3951E54024C7536300B36398 /* SceneDelegate.swift in Sources */,
				39FA4E7024D211CE00077F2B /* FetchToDo.swift in Sources */,
				3951E54224C7536300B36398 /* ContentView.swift in Sources */,
				39FA4E6E24D211B900077F2B /* Todo.swift in Sources */,
			);
			runOnlyForDeploymentPostprocessing = 0;
		};
/* End PBXSourcesBuildPhase section */

/* Begin PBXVariantGroup section */
		3951E54824C7536B00B36398 /* LaunchScreen.storyboard */ = {
			isa = PBXVariantGroup;
			children = (
				3951E54924C7536B00B36398 /* Base */,
			);
			name = LaunchScreen.storyboard;
			sourceTree = "<group>";
		};
/* End PBXVariantGroup section */

/* Begin XCBuildConfiguration section */
		3951E54C24C7536B00B36398 /* Debug */ = {
			isa = XCBuildConfiguration;
			buildSettings = {
				ALWAYS_SEARCH_USER_PATHS = NO;
				CLANG_ANALYZER_NONNULL = YES;
				CLANG_ANALYZER_NUMBER_OBJECT_CONVERSION = YES_AGGRESSIVE;
				CLANG_CXX_LANGUAGE_STANDARD = "gnu++14";
				CLANG_CXX_LIBRARY = "libc++";
				CLANG_ENABLE_MODULES = YES;
				CLANG_ENABLE_OBJC_ARC = YES;
				CLANG_ENABLE_OBJC_WEAK = YES;
				CLANG_WARN_BLOCK_CAPTURE_AUTORELEASING = YES;
				CLANG_WARN_BOOL_CONVERSION = YES;
				CLANG_WARN_COMMA = YES;
				CLANG_WARN_CONSTANT_CONVERSION = YES;
				CLANG_WARN_DEPRECATED_OBJC_IMPLEMENTATIONS = YES;
				CLANG_WARN_DIRECT_OBJC_ISA_USAGE = YES_ERROR;
				CLANG_WARN_DOCUMENTATION_COMMENTS = YES;
				CLANG_WARN_EMPTY_BODY = YES;
				CLANG_WARN_ENUM_CONVERSION = YES;
				CLANG_WARN_INFINITE_RECURSION = YES;
				CLANG_WARN_INT_CONVERSION = YES;
				CLANG_WARN_NON_LITERAL_NULL_CONVERSION = YES;
				CLANG_WARN_OBJC_IMPLICIT_RETAIN_SELF = YES;
				CLANG_WARN_OBJC_LITERAL_CONVERSION = YES;
				CLANG_WARN_OBJC_ROOT_CLASS = YES_ERROR;
				CLANG_WARN_RANGE_LOOP_ANALYSIS = YES;
				CLANG_WARN_STRICT_PROTOTYPES = YES;
				CLANG_WARN_SUSPICIOUS_MOVE = YES;
				CLANG_WARN_UNGUARDED_AVAILABILITY = YES_AGGRESSIVE;
				CLANG_WARN_UNREACHABLE_CODE = YES;
				CLANG_WARN__DUPLICATE_METHOD_MATCH = YES;
				COPY_PHASE_STRIP = NO;
				DEBUG_INFORMATION_FORMAT = dwarf;
				ENABLE_STRICT_OBJC_MSGSEND = YES;
				ENABLE_TESTABILITY = YES;
				GCC_C_LANGUAGE_STANDARD = gnu11;
				GCC_DYNAMIC_NO_PIC = NO;
				GCC_NO_COMMON_BLOCKS = YES;
				GCC_OPTIMIZATION_LEVEL = 0;
				GCC_PREPROCESSOR_DEFINITIONS = (
					"DEBUG=1",
					"$(inherited)",
				);
				GCC_WARN_64_TO_32_BIT_CONVERSION = YES;
				GCC_WARN_ABOUT_RETURN_TYPE = YES_ERROR;
				GCC_WARN_UNDECLARED_SELECTOR = YES;
				GCC_WARN_UNINITIALIZED_AUTOS = YES_AGGRESSIVE;
				GCC_WARN_UNUSED_FUNCTION = YES;
				GCC_WARN_UNUSED_VARIABLE = YES;
				IPHONEOS_DEPLOYMENT_TARGET = 13.5;
				MTL_ENABLE_DEBUG_INFO = INCLUDE_SOURCE;
				MTL_FAST_MATH = YES;
				ONLY_ACTIVE_ARCH = YES;
				SDKROOT = iphoneos;
				SWIFT_ACTIVE_COMPILATION_CONDITIONS = DEBUG;
				SWIFT_OPTIMIZATION_LEVEL = "-Onone";
			};
			name = Debug;
		};
		3951E54D24C7536B00B36398 /* Release */ = {
			isa = XCBuildConfiguration;
			buildSettings = {
				ALWAYS_SEARCH_USER_PATHS = NO;
				CLANG_ANALYZER_NONNULL = YES;
				CLANG_ANALYZER_NUMBER_OBJECT_CONVERSION = YES_AGGRESSIVE;
				CLANG_CXX_LANGUAGE_STANDARD = "gnu++14";
				CLANG_CXX_LIBRARY = "libc++";
				CLANG_ENABLE_MODULES = YES;
				CLANG_ENABLE_OBJC_ARC = YES;
				CLANG_ENABLE_OBJC_WEAK = YES;
				CLANG_WARN_BLOCK_CAPTURE_AUTORELEASING = YES;
				CLANG_WARN_BOOL_CONVERSION = YES;
				CLANG_WARN_COMMA = YES;
				CLANG_WARN_CONSTANT_CONVERSION = YES;
				CLANG_WARN_DEPRECATED_OBJC_IMPLEMENTATIONS = YES;
				CLANG_WARN_DIRECT_OBJC_ISA_USAGE = YES_ERROR;
				CLANG_WARN_DOCUMENTATION_COMMENTS = YES;
				CLANG_WARN_EMPTY_BODY = YES;
				CLANG_WARN_ENUM_CONVERSION = YES;
				CLANG_WARN_INFINITE_RECURSION = YES;
				CLANG_WARN_INT_CONVERSION = YES;
				CLANG_WARN_NON_LITERAL_NULL_CONVERSION = YES;
				CLANG_WARN_OBJC_IMPLICIT_RETAIN_SELF = YES;
				CLANG_WARN_OBJC_LITERAL_CONVERSION = YES;
				CLANG_WARN_OBJC_ROOT_CLASS = YES_ERROR;
				CLANG_WARN_RANGE_LOOP_ANALYSIS = YES;
				CLANG_WARN_STRICT_PROTOTYPES = YES;
				CLANG_WARN_SUSPICIOUS_MOVE = YES;
				CLANG_WARN_UNGUARDED_AVAILABILITY = YES_AGGRESSIVE;
				CLANG_WARN_UNREACHABLE_CODE = YES;
				CLANG_WARN__DUPLICATE_METHOD_MATCH = YES;
				COPY_PHASE_STRIP = NO;
				DEBUG_INFORMATION_FORMAT = "dwarf-with-dsym";
				ENABLE_NS_ASSERTIONS = NO;
				ENABLE_STRICT_OBJC_MSGSEND = YES;
				GCC_C_LANGUAGE_STANDARD = gnu11;
				GCC_NO_COMMON_BLOCKS = YES;
				GCC_WARN_64_TO_32_BIT_CONVERSION = YES;
				GCC_WARN_ABOUT_RETURN_TYPE = YES_ERROR;
				GCC_WARN_UNDECLARED_SELECTOR = YES;
				GCC_WARN_UNINITIALIZED_AUTOS = YES_AGGRESSIVE;
				GCC_WARN_UNUSED_FUNCTION = YES;
				GCC_WARN_UNUSED_VARIABLE = YES;
				IPHONEOS_DEPLOYMENT_TARGET = 13.5;
				MTL_ENABLE_DEBUG_INFO = NO;
				MTL_FAST_MATH = YES;
				SDKROOT = iphoneos;
				SWIFT_COMPILATION_MODE = wholemodule;
				SWIFT_OPTIMIZATION_LEVEL = "-O";
				VALIDATE_PRODUCT = YES;
			};
			name = Release;
		};
		3951E54F24C7536B00B36398 /* Debug */ = {
			isa = XCBuildConfiguration;
			buildSettings = {
				ASSETCATALOG_COMPILER_APPICON_NAME = AppIcon;
				CODE_SIGN_STYLE = Automatic;
				DEVELOPMENT_ASSET_PATHS = "\"SwiftUI Login API/Preview Content\"";
				DEVELOPMENT_TEAM = 8JS9STUUT9;
				ENABLE_PREVIEWS = YES;
				INFOPLIST_FILE = "SwiftUI Login API/Info.plist";
				LD_RUNPATH_SEARCH_PATHS = (
					"$(inherited)",
					"@executable_path/Frameworks",
				);
				PRODUCT_BUNDLE_IDENTIFIER = "com.kreeda.SwiftUI-Login-API";
				PRODUCT_NAME = "$(TARGET_NAME)";
				SWIFT_VERSION = 5.0;
				TARGETED_DEVICE_FAMILY = "1,2";
			};
			name = Debug;
		};
		3951E55024C7536B00B36398 /* Release */ = {
			isa = XCBuildConfiguration;
			buildSettings = {
				ASSETCATALOG_COMPILER_APPICON_NAME = AppIcon;
				CODE_SIGN_STYLE = Automatic;
				DEVELOPMENT_ASSET_PATHS = "\"SwiftUI Login API/Preview Content\"";
				DEVELOPMENT_TEAM = 8JS9STUUT9;
				ENABLE_PREVIEWS = YES;
				INFOPLIST_FILE = "SwiftUI Login API/Info.plist";
				LD_RUNPATH_SEARCH_PATHS = (
					"$(inherited)",
					"@executable_path/Frameworks",
				);
				PRODUCT_BUNDLE_IDENTIFIER = "com.kreeda.SwiftUI-Login-API";
				PRODUCT_NAME = "$(TARGET_NAME)";
				SWIFT_VERSION = 5.0;
				TARGETED_DEVICE_FAMILY = "1,2";
			};
			name = Release;
		};
/* End XCBuildConfiguration section */

/* Begin XCConfigurationList section */
		3951E53524C7536300B36398 /* Build configuration list for PBXProject "SwiftUI Login API" */ = {
			isa = XCConfigurationList;
			buildConfigurations = (
				3951E54C24C7536B00B36398 /* Debug */,
				3951E54D24C7536B00B36398 /* Release */,
			);
			defaultConfigurationIsVisible = 0;
			defaultConfigurationName = Release;
		};
		3951E54E24C7536B00B36398 /* Build configuration list for PBXNativeTarget "SwiftUI Login API" */ = {
			isa = XCConfigurationList;
			buildConfigurations = (
				3951E54F24C7536B00B36398 /* Debug */,
				3951E55024C7536B00B36398 /* Release */,
			);
			defaultConfigurationIsVisible = 0;
			defaultConfigurationName = Release;
		};
/* End XCConfigurationList section */
	};
	rootObject = 3951E53224C7536300B36398 /* Project object */;
}
